
Microsoft Visual Studio Solution File, Format Version 12.00
# Visual Studio Version 17
VisualStudioVersion = 17.14.36429.23 d17.14
MinimumVisualStudioVersion = 10.0.40219.1
Project("{FAE04EC0-301F-11D3-BF4B-00C04F79EFBC}") = "pr7", "pr7\pr7.csproj", "{5BB71A7A-505A-4627-B49A-200BFAB3403F}"
EndProject
Global
	GlobalSection(SolutionConfigurationPlatforms) = preSolution
		Debug|Any CPU = Debug|Any CPU
		Release|Any CPU = Release|Any CPU
	EndGlobalSection
	GlobalSection(ProjectConfigurationPlatforms) = postSolution
		{5BB71A7A-505A-4627-B49A-200BFAB3403F}.Debug|Any CPU.ActiveCfg = Debug|Any CPU
		{5BB71A7A-505A-4627-B49A-200BFAB3403F}.Debug|Any CPU.Build.0 = Debug|Any CPU
		{5BB71A7A-505A-4627-B49A-200BFAB3403F}.Release|Any CPU.ActiveCfg = Release|Any CPU
		{5BB71A7A-505A-4627-B49A-200BFAB3403F}.Release|Any CPU.Build.0 = Release|Any CPU
	EndGlobalSection
	GlobalSection(SolutionProperties) = preSolution
		HideSolutionNode = FALSE
	EndGlobalSection
	GlobalSection(ExtensibilityGlobals) = postSolution
		SolutionGuid = {532C43CC-D60E-4AAF-84EA-CBDC2F645135}
	EndGlobalSection
EndGlobal
